// !$*UTF8*$!
{
	archiveVersion = 1;
	classes = {
	};
	objectVersion = 50;
	objects = {

/* Begin PBXBuildFile section */
		4D0A9ECA2687027B006D0F5A /* UsersListViewController.swift in Sources */ = {isa = PBXBuildFile; fileRef = 4D0A9EC92687027B006D0F5A /* UsersListViewController.swift */; };
		4D0A9ECE2687029C006D0F5A /* UserDetailsViewController.swift in Sources */ = {isa = PBXBuildFile; fileRef = 4D0A9ECD2687029C006D0F5A /* UserDetailsViewController.swift */; };
		4D0A9ED226870523006D0F5A /* Colors.xcassets in Resources */ = {isa = PBXBuildFile; fileRef = 4D0A9ED126870523006D0F5A /* Colors.xcassets */; };
		4D0A9ED6268705A4006D0F5A /* Colors.swift in Sources */ = {isa = PBXBuildFile; fileRef = 4D0A9ED5268705A4006D0F5A /* Colors.swift */; };
		4D0A9EDA268706C6006D0F5A /* UsersListViewModel.swift in Sources */ = {isa = PBXBuildFile; fileRef = 4D0A9ED9268706C6006D0F5A /* UsersListViewModel.swift */; };
		4D0A9EE02687075C006D0F5A /* UserDetailsViewModel.swift in Sources */ = {isa = PBXBuildFile; fileRef = 4D0A9EDF2687075C006D0F5A /* UserDetailsViewModel.swift */; };
		4D0A9EE4268853AC006D0F5A /* UserCell.swift in Sources */ = {isa = PBXBuildFile; fileRef = 4D0A9EE3268853AC006D0F5A /* UserCell.swift */; };
		4D0A9EE82688583A006D0F5A /* UserViewModel.swift in Sources */ = {isa = PBXBuildFile; fileRef = 4D0A9EE72688583A006D0F5A /* UserViewModel.swift */; };
		4D0A9EED268858CB006D0F5A /* User.swift in Sources */ = {isa = PBXBuildFile; fileRef = 4D0A9EEC268858CB006D0F5A /* User.swift */; };
		4D1149C1268A002B00560AA6 /* API.swift in Sources */ = {isa = PBXBuildFile; fileRef = 4D1149C0268A002B00560AA6 /* API.swift */; };
		4D1149C6268B61DA00560AA6 /* WebImageView.swift in Sources */ = {isa = PBXBuildFile; fileRef = 4D1149C5268B61DA00560AA6 /* WebImageView.swift */; };
		4D1149CA268B63A200560AA6 /* MemoryCache.swift in Sources */ = {isa = PBXBuildFile; fileRef = 4D1149C9268B63A200560AA6 /* MemoryCache.swift */; };
		4D1149CE268B6A4400560AA6 /* Data+Ex.swift in Sources */ = {isa = PBXBuildFile; fileRef = 4D1149CD268B6A4400560AA6 /* Data+Ex.swift */; };
		4D1149D4268B6B7B00560AA6 /* ImageService.swift in Sources */ = {isa = PBXBuildFile; fileRef = 4D1149D3268B6B7B00560AA6 /* ImageService.swift */; };
		4D238F0E26837B9300DC6397 /* AppDelegate.swift in Sources */ = {isa = PBXBuildFile; fileRef = 4D238F0D26837B9300DC6397 /* AppDelegate.swift */; };
		4D238F1726837B9400DC6397 /* Assets.xcassets in Resources */ = {isa = PBXBuildFile; fileRef = 4D238F1626837B9400DC6397 /* Assets.xcassets */; };
		4D238F1A26837B9400DC6397 /* LaunchScreen.storyboard in Resources */ = {isa = PBXBuildFile; fileRef = 4D238F1826837B9400DC6397 /* LaunchScreen.storyboard */; };
		4D238F7E26837ED100DC6397 /* Router.swift in Sources */ = {isa = PBXBuildFile; fileRef = 4D238F7D26837ED100DC6397 /* Router.swift */; };
		4D4000F0268CB7E400FCC612 /* UIAlertController+Ex.swift in Sources */ = {isa = PBXBuildFile; fileRef = 4D4000EF268CB7E400FCC612 /* UIAlertController+Ex.swift */; };
		4D79B32E268896AE008C1319 /* UserDetails.swift in Sources */ = {isa = PBXBuildFile; fileRef = 4D79B32D268896AE008C1319 /* UserDetails.swift */; };
		4D79B3372688A7EE008C1319 /* UINavigationBar+Ex.swift in Sources */ = {isa = PBXBuildFile; fileRef = 4D79B3362688A7EE008C1319 /* UINavigationBar+Ex.swift */; };
/* End PBXBuildFile section */

/* Begin PBXContainerItemProxy section */
		4D238F2126837B9400DC6397 /* PBXContainerItemProxy */ = {
			isa = PBXContainerItemProxy;
			containerPortal = 4D238F0226837B9300DC6397 /* Project object */;
			proxyType = 1;
			remoteGlobalIDString = 4D238F0926837B9300DC6397;
			remoteInfo = GitHeart;
		};
/* End PBXContainerItemProxy section */

/* Begin PBXFileReference section */
		4D0A9EC92687027B006D0F5A /* UsersListViewController.swift */ = {isa = PBXFileReference; lastKnownFileType = sourcecode.swift; path = UsersListViewController.swift; sourceTree = "<group>"; };
		4D0A9ECD2687029C006D0F5A /* UserDetailsViewController.swift */ = {isa = PBXFileReference; lastKnownFileType = sourcecode.swift; path = UserDetailsViewController.swift; sourceTree = "<group>"; };
		4D0A9ED126870523006D0F5A /* Colors.xcassets */ = {isa = PBXFileReference; lastKnownFileType = folder.assetcatalog; path = Colors.xcassets; sourceTree = "<group>"; };
		4D0A9ED5268705A4006D0F5A /* Colors.swift */ = {isa = PBXFileReference; lastKnownFileType = sourcecode.swift; path = Colors.swift; sourceTree = "<group>"; };
		4D0A9ED9268706C6006D0F5A /* UsersListViewModel.swift */ = {isa = PBXFileReference; lastKnownFileType = sourcecode.swift; path = UsersListViewModel.swift; sourceTree = "<group>"; };
		4D0A9EDF2687075C006D0F5A /* UserDetailsViewModel.swift */ = {isa = PBXFileReference; lastKnownFileType = sourcecode.swift; path = UserDetailsViewModel.swift; sourceTree = "<group>"; };
		4D0A9EE3268853AC006D0F5A /* UserCell.swift */ = {isa = PBXFileReference; lastKnownFileType = sourcecode.swift; path = UserCell.swift; sourceTree = "<group>"; };
		4D0A9EE72688583A006D0F5A /* UserViewModel.swift */ = {isa = PBXFileReference; lastKnownFileType = sourcecode.swift; path = UserViewModel.swift; sourceTree = "<group>"; };
		4D0A9EEC268858CB006D0F5A /* User.swift */ = {isa = PBXFileReference; lastKnownFileType = sourcecode.swift; path = User.swift; sourceTree = "<group>"; };
		4D1149C0268A002B00560AA6 /* API.swift */ = {isa = PBXFileReference; lastKnownFileType = sourcecode.swift; path = API.swift; sourceTree = "<group>"; };
		4D1149C5268B61DA00560AA6 /* WebImageView.swift */ = {isa = PBXFileReference; lastKnownFileType = sourcecode.swift; path = WebImageView.swift; sourceTree = "<group>"; };
		4D1149C9268B63A200560AA6 /* MemoryCache.swift */ = {isa = PBXFileReference; lastKnownFileType = sourcecode.swift; path = MemoryCache.swift; sourceTree = "<group>"; };
		4D1149CD268B6A4400560AA6 /* Data+Ex.swift */ = {isa = PBXFileReference; lastKnownFileType = sourcecode.swift; path = "Data+Ex.swift"; sourceTree = "<group>"; };
		4D1149D3268B6B7B00560AA6 /* ImageService.swift */ = {isa = PBXFileReference; lastKnownFileType = sourcecode.swift; path = ImageService.swift; sourceTree = "<group>"; };
		4D238F0A26837B9300DC6397 /* GitHeart.app */ = {isa = PBXFileReference; explicitFileType = wrapper.application; includeInIndex = 0; path = GitHeart.app; sourceTree = BUILT_PRODUCTS_DIR; };
		4D238F0D26837B9300DC6397 /* AppDelegate.swift */ = {isa = PBXFileReference; lastKnownFileType = sourcecode.swift; path = AppDelegate.swift; sourceTree = "<group>"; };
		4D238F1626837B9400DC6397 /* Assets.xcassets */ = {isa = PBXFileReference; lastKnownFileType = folder.assetcatalog; path = Assets.xcassets; sourceTree = "<group>"; };
		4D238F1926837B9400DC6397 /* Base */ = {isa = PBXFileReference; lastKnownFileType = file.storyboard; name = Base; path = Base.lproj/LaunchScreen.storyboard; sourceTree = "<group>"; };
		4D238F1B26837B9400DC6397 /* Info.plist */ = {isa = PBXFileReference; lastKnownFileType = text.plist.xml; path = Info.plist; sourceTree = "<group>"; };
		4D238F2026837B9400DC6397 /* GitHeartTests.xctest */ = {isa = PBXFileReference; explicitFileType = wrapper.cfbundle; includeInIndex = 0; path = GitHeartTests.xctest; sourceTree = BUILT_PRODUCTS_DIR; };
		4D238F2626837B9400DC6397 /* Info.plist */ = {isa = PBXFileReference; lastKnownFileType = text.plist.xml; path = Info.plist; sourceTree = "<group>"; };
		4D238F7D26837ED100DC6397 /* Router.swift */ = {isa = PBXFileReference; lastKnownFileType = sourcecode.swift; path = Router.swift; sourceTree = "<group>"; };
		4D4000EF268CB7E400FCC612 /* UIAlertController+Ex.swift */ = {isa = PBXFileReference; lastKnownFileType = sourcecode.swift; path = "UIAlertController+Ex.swift"; sourceTree = "<group>"; };
		4D79B32D268896AE008C1319 /* UserDetails.swift */ = {isa = PBXFileReference; lastKnownFileType = sourcecode.swift; path = UserDetails.swift; sourceTree = "<group>"; };
		4D79B3362688A7EE008C1319 /* UINavigationBar+Ex.swift */ = {isa = PBXFileReference; lastKnownFileType = sourcecode.swift; path = "UINavigationBar+Ex.swift"; sourceTree = "<group>"; };
/* End PBXFileReference section */

/* Begin PBXFrameworksBuildPhase section */
		4D238F0726837B9300DC6397 /* Frameworks */ = {
			isa = PBXFrameworksBuildPhase;
			buildActionMask = 2147483647;
			files = (
			);
			runOnlyForDeploymentPostprocessing = 0;
		};
		4D238F1D26837B9400DC6397 /* Frameworks */ = {
			isa = PBXFrameworksBuildPhase;
			buildActionMask = 2147483647;
			files = (
			);
			runOnlyForDeploymentPostprocessing = 0;
		};
/* End PBXFrameworksBuildPhase section */

/* Begin PBXGroup section */
		4D0A9EC826870260006D0F5A /* Users */ = {
			isa = PBXGroup;
			children = (
				4D79B32526889339008C1319 /* List */,
				4D79B32826889348008C1319 /* Details */,
			);
			path = Users;
			sourceTree = "<group>";
		};
		4D0A9EEB268858B8006D0F5A /* Models */ = {
			isa = PBXGroup;
			children = (
				4D0A9EEC268858CB006D0F5A /* User.swift */,
				4D79B32D268896AE008C1319 /* UserDetails.swift */,
			);
			path = Models;
			sourceTree = "<group>";
		};
		4D1149C4268B61A700560AA6 /* Views */ = {
			isa = PBXGroup;
			children = (
				4D1149C5268B61DA00560AA6 /* WebImageView.swift */,
			);
			path = Views;
			sourceTree = "<group>";
		};
		4D238F0126837B9300DC6397 = {
			isa = PBXGroup;
			children = (
				4D238F0C26837B9300DC6397 /* GitHeart */,
				4D238F2326837B9400DC6397 /* GitHeartTests */,
				4D238F0B26837B9300DC6397 /* Products */,
			);
			sourceTree = "<group>";
		};
		4D238F0B26837B9300DC6397 /* Products */ = {
			isa = PBXGroup;
			children = (
				4D238F0A26837B9300DC6397 /* GitHeart.app */,
				4D238F2026837B9400DC6397 /* GitHeartTests.xctest */,
			);
			name = Products;
			sourceTree = "<group>";
		};
		4D238F0C26837B9300DC6397 /* GitHeart */ = {
			isa = PBXGroup;
			children = (
				4D238F0D26837B9300DC6397 /* AppDelegate.swift */,
				4D238F7D26837ED100DC6397 /* Router.swift */,
				4D0A9ED5268705A4006D0F5A /* Colors.swift */,
				4D1149C0268A002B00560AA6 /* API.swift */,
				4D1149C9268B63A200560AA6 /* MemoryCache.swift */,
				4D1149D3268B6B7B00560AA6 /* ImageService.swift */,
				4D79B3312688A7B4008C1319 /* Extensions */,
				4D1149C4268B61A700560AA6 /* Views */,
				4D0A9EEB268858B8006D0F5A /* Models */,
				4D0A9EC826870260006D0F5A /* Users */,
				4D238F1626837B9400DC6397 /* Assets.xcassets */,
				4D0A9ED126870523006D0F5A /* Colors.xcassets */,
				4D238F1826837B9400DC6397 /* LaunchScreen.storyboard */,
				4D238F1B26837B9400DC6397 /* Info.plist */,
			);
			path = GitHeart;
			sourceTree = "<group>";
		};
		4D238F2326837B9400DC6397 /* GitHeartTests */ = {
			isa = PBXGroup;
			children = (
				4D238F2626837B9400DC6397 /* Info.plist */,
			);
			path = GitHeartTests;
			sourceTree = "<group>";
		};
		4D79B32526889339008C1319 /* List */ = {
			isa = PBXGroup;
			children = (
				4D0A9ED9268706C6006D0F5A /* UsersListViewModel.swift */,
				4D0A9EC92687027B006D0F5A /* UsersListViewController.swift */,
				4D0A9EE72688583A006D0F5A /* UserViewModel.swift */,
				4D0A9EE3268853AC006D0F5A /* UserCell.swift */,
			);
			path = List;
			sourceTree = "<group>";
		};
		4D79B32826889348008C1319 /* Details */ = {
			isa = PBXGroup;
			children = (
				4D0A9EDF2687075C006D0F5A /* UserDetailsViewModel.swift */,
				4D0A9ECD2687029C006D0F5A /* UserDetailsViewController.swift */,
			);
			path = Details;
			sourceTree = "<group>";
		};
		4D79B3312688A7B4008C1319 /* Extensions */ = {
			isa = PBXGroup;
			children = (
				4D79B3362688A7EE008C1319 /* UINavigationBar+Ex.swift */,
				4D4000EF268CB7E400FCC612 /* UIAlertController+Ex.swift */,
				4D1149CD268B6A4400560AA6 /* Data+Ex.swift */,
			);
			path = Extensions;
			sourceTree = "<group>";
		};
/* End PBXGroup section */

/* Begin PBXNativeTarget section */
		4D238F0926837B9300DC6397 /* GitHeart */ = {
			isa = PBXNativeTarget;
			buildConfigurationList = 4D238F3426837B9400DC6397 /* Build configuration list for PBXNativeTarget "GitHeart" */;
			buildPhases = (
				4D238F832683810300DC6397 /* Format */,
				4D238F0626837B9300DC6397 /* Sources */,
				4D238F0726837B9300DC6397 /* Frameworks */,
				4D238F0826837B9300DC6397 /* Resources */,
			);
			buildRules = (
			);
			dependencies = (
			);
			name = GitHeart;
			productName = GitHeart;
			productReference = 4D238F0A26837B9300DC6397 /* GitHeart.app */;
			productType = "com.apple.product-type.application";
		};
		4D238F1F26837B9400DC6397 /* GitHeartTests */ = {
			isa = PBXNativeTarget;
			buildConfigurationList = 4D238F3726837B9400DC6397 /* Build configuration list for PBXNativeTarget "GitHeartTests" */;
			buildPhases = (
				4D238F1C26837B9400DC6397 /* Sources */,
				4D238F1D26837B9400DC6397 /* Frameworks */,
				4D238F1E26837B9400DC6397 /* Resources */,
			);
			buildRules = (
			);
			dependencies = (
				4D238F2226837B9400DC6397 /* PBXTargetDependency */,
			);
			name = GitHeartTests;
			productName = GitHeartTests;
			productReference = 4D238F2026837B9400DC6397 /* GitHeartTests.xctest */;
			productType = "com.apple.product-type.bundle.unit-test";
		};
/* End PBXNativeTarget section */

/* Begin PBXProject section */
		4D238F0226837B9300DC6397 /* Project object */ = {
			isa = PBXProject;
			attributes = {
				LastSwiftUpdateCheck = 1240;
				LastUpgradeCheck = 1240;
				TargetAttributes = {
					4D238F0926837B9300DC6397 = {
						CreatedOnToolsVersion = 12.4;
					};
					4D238F1F26837B9400DC6397 = {
						CreatedOnToolsVersion = 12.4;
						TestTargetID = 4D238F0926837B9300DC6397;
					};
				};
			};
			buildConfigurationList = 4D238F0526837B9300DC6397 /* Build configuration list for PBXProject "GitHeart" */;
			compatibilityVersion = "Xcode 9.3";
			developmentRegion = en;
			hasScannedForEncodings = 0;
			knownRegions = (
				en,
				Base,
			);
			mainGroup = 4D238F0126837B9300DC6397;
			productRefGroup = 4D238F0B26837B9300DC6397 /* Products */;
			projectDirPath = "";
			projectRoot = "";
			targets = (
				4D238F0926837B9300DC6397 /* GitHeart */,
				4D238F1F26837B9400DC6397 /* GitHeartTests */,
			);
		};
/* End PBXProject section */

/* Begin PBXResourcesBuildPhase section */
		4D238F0826837B9300DC6397 /* Resources */ = {
			isa = PBXResourcesBuildPhase;
			buildActionMask = 2147483647;
			files = (
				4D0A9ED226870523006D0F5A /* Colors.xcassets in Resources */,
				4D238F1A26837B9400DC6397 /* LaunchScreen.storyboard in Resources */,
				4D238F1726837B9400DC6397 /* Assets.xcassets in Resources */,
			);
			runOnlyForDeploymentPostprocessing = 0;
		};
		4D238F1E26837B9400DC6397 /* Resources */ = {
			isa = PBXResourcesBuildPhase;
			buildActionMask = 2147483647;
			files = (
			);
			runOnlyForDeploymentPostprocessing = 0;
		};
/* End PBXResourcesBuildPhase section */

/* Begin PBXShellScriptBuildPhase section */
		4D238F832683810300DC6397 /* Format */ = {
			isa = PBXShellScriptBuildPhase;
			buildActionMask = 2147483647;
			files = (
			);
			inputFileListPaths = (
			);
			inputPaths = (
			);
			name = Format;
			outputFileListPaths = (
			);
			outputPaths = (
			);
			runOnlyForDeploymentPostprocessing = 0;
			shellPath = /bin/sh;
			shellScript = "./scripts/format\n";
		};
/* End PBXShellScriptBuildPhase section */

/* Begin PBXSourcesBuildPhase section */
		4D238F0626837B9300DC6397 /* Sources */ = {
			isa = PBXSourcesBuildPhase;
			buildActionMask = 2147483647;
			files = (
				4D238F7E26837ED100DC6397 /* Router.swift in Sources */,
				4D1149D4268B6B7B00560AA6 /* ImageService.swift in Sources */,
				4D0A9EDA268706C6006D0F5A /* UsersListViewModel.swift in Sources */,
				4D0A9ED6268705A4006D0F5A /* Colors.swift in Sources */,
				4D1149C6268B61DA00560AA6 /* WebImageView.swift in Sources */,
				4D1149CE268B6A4400560AA6 /* Data+Ex.swift in Sources */,
				4D238F0E26837B9300DC6397 /* AppDelegate.swift in Sources */,
				4D0A9EE4268853AC006D0F5A /* UserCell.swift in Sources */,
				4D1149CA268B63A200560AA6 /* MemoryCache.swift in Sources */,
				4D0A9EE02687075C006D0F5A /* UserDetailsViewModel.swift in Sources */,
				4D79B32E268896AE008C1319 /* UserDetails.swift in Sources */,
				4D0A9ECE2687029C006D0F5A /* UserDetailsViewController.swift in Sources */,
				4D1149C1268A002B00560AA6 /* API.swift in Sources */,
				4D0A9EE82688583A006D0F5A /* UserViewModel.swift in Sources */,
				4D0A9EED268858CB006D0F5A /* User.swift in Sources */,
				4D4000F0268CB7E400FCC612 /* UIAlertController+Ex.swift in Sources */,
				4D79B3372688A7EE008C1319 /* UINavigationBar+Ex.swift in Sources */,
				4D0A9ECA2687027B006D0F5A /* UsersListViewController.swift in Sources */,
			);
			runOnlyForDeploymentPostprocessing = 0;
		};
		4D238F1C26837B9400DC6397 /* Sources */ = {
			isa = PBXSourcesBuildPhase;
			buildActionMask = 2147483647;
			files = (
			);
			runOnlyForDeploymentPostprocessing = 0;
		};
/* End PBXSourcesBuildPhase section */

/* Begin PBXTargetDependency section */
		4D238F2226837B9400DC6397 /* PBXTargetDependency */ = {
			isa = PBXTargetDependency;
			target = 4D238F0926837B9300DC6397 /* GitHeart */;
			targetProxy = 4D238F2126837B9400DC6397 /* PBXContainerItemProxy */;
		};
/* End PBXTargetDependency section */

/* Begin PBXVariantGroup section */
		4D238F1826837B9400DC6397 /* LaunchScreen.storyboard */ = {
			isa = PBXVariantGroup;
			children = (
				4D238F1926837B9400DC6397 /* Base */,
			);
			name = LaunchScreen.storyboard;
			sourceTree = "<group>";
		};
/* End PBXVariantGroup section */

/* Begin XCBuildConfiguration section */
		4D238F3226837B9400DC6397 /* Debug */ = {
			isa = XCBuildConfiguration;
			buildSettings = {
				ALWAYS_SEARCH_USER_PATHS = NO;
				CLANG_ANALYZER_NONNULL = YES;
				CLANG_ANALYZER_NUMBER_OBJECT_CONVERSION = YES_AGGRESSIVE;
				CLANG_CXX_LANGUAGE_STANDARD = "gnu++14";
				CLANG_CXX_LIBRARY = "libc++";
				CLANG_ENABLE_MODULES = YES;
				CLANG_ENABLE_OBJC_ARC = YES;
				CLANG_ENABLE_OBJC_WEAK = YES;
				CLANG_WARN_BLOCK_CAPTURE_AUTORELEASING = YES;
				CLANG_WARN_BOOL_CONVERSION = YES;
				CLANG_WARN_COMMA = YES;
				CLANG_WARN_CONSTANT_CONVERSION = YES;
				CLANG_WARN_DEPRECATED_OBJC_IMPLEMENTATIONS = YES;
				CLANG_WARN_DIRECT_OBJC_ISA_USAGE = YES_ERROR;
				CLANG_WARN_DOCUMENTATION_COMMENTS = YES;
				CLANG_WARN_EMPTY_BODY = YES;
				CLANG_WARN_ENUM_CONVERSION = YES;
				CLANG_WARN_INFINITE_RECURSION = YES;
				CLANG_WARN_INT_CONVERSION = YES;
				CLANG_WARN_NON_LITERAL_NULL_CONVERSION = YES;
				CLANG_WARN_OBJC_IMPLICIT_RETAIN_SELF = YES;
				CLANG_WARN_OBJC_LITERAL_CONVERSION = YES;
				CLANG_WARN_OBJC_ROOT_CLASS = YES_ERROR;
				CLANG_WARN_QUOTED_INCLUDE_IN_FRAMEWORK_HEADER = YES;
				CLANG_WARN_RANGE_LOOP_ANALYSIS = YES;
				CLANG_WARN_STRICT_PROTOTYPES = YES;
				CLANG_WARN_SUSPICIOUS_MOVE = YES;
				CLANG_WARN_UNGUARDED_AVAILABILITY = YES_AGGRESSIVE;
				CLANG_WARN_UNREACHABLE_CODE = YES;
				CLANG_WARN__DUPLICATE_METHOD_MATCH = YES;
				COPY_PHASE_STRIP = NO;
				DEBUG_INFORMATION_FORMAT = dwarf;
				ENABLE_STRICT_OBJC_MSGSEND = YES;
				ENABLE_TESTABILITY = YES;
				GCC_C_LANGUAGE_STANDARD = gnu11;
				GCC_DYNAMIC_NO_PIC = NO;
				GCC_NO_COMMON_BLOCKS = YES;
				GCC_OPTIMIZATION_LEVEL = 0;
				GCC_PREPROCESSOR_DEFINITIONS = (
					"DEBUG=1",
					"$(inherited)",
				);
				GCC_WARN_64_TO_32_BIT_CONVERSION = YES;
				GCC_WARN_ABOUT_RETURN_TYPE = YES_ERROR;
				GCC_WARN_UNDECLARED_SELECTOR = YES;
				GCC_WARN_UNINITIALIZED_AUTOS = YES_AGGRESSIVE;
				GCC_WARN_UNUSED_FUNCTION = YES;
				GCC_WARN_UNUSED_VARIABLE = YES;
				IPHONEOS_DEPLOYMENT_TARGET = 12.1;
				MTL_ENABLE_DEBUG_INFO = INCLUDE_SOURCE;
				MTL_FAST_MATH = YES;
				ONLY_ACTIVE_ARCH = YES;
				SDKROOT = iphoneos;
				SWIFT_ACTIVE_COMPILATION_CONDITIONS = DEBUG;
				SWIFT_OPTIMIZATION_LEVEL = "-Onone";
			};
			name = Debug;
		};
		4D238F3326837B9400DC6397 /* Release */ = {
			isa = XCBuildConfiguration;
			buildSettings = {
				ALWAYS_SEARCH_USER_PATHS = NO;
				CLANG_ANALYZER_NONNULL = YES;
				CLANG_ANALYZER_NUMBER_OBJECT_CONVERSION = YES_AGGRESSIVE;
				CLANG_CXX_LANGUAGE_STANDARD = "gnu++14";
				CLANG_CXX_LIBRARY = "libc++";
				CLANG_ENABLE_MODULES = YES;
				CLANG_ENABLE_OBJC_ARC = YES;
				CLANG_ENABLE_OBJC_WEAK = YES;
				CLANG_WARN_BLOCK_CAPTURE_AUTORELEASING = YES;
				CLANG_WARN_BOOL_CONVERSION = YES;
				CLANG_WARN_COMMA = YES;
				CLANG_WARN_CONSTANT_CONVERSION = YES;
				CLANG_WARN_DEPRECATED_OBJC_IMPLEMENTATIONS = YES;
				CLANG_WARN_DIRECT_OBJC_ISA_USAGE = YES_ERROR;
				CLANG_WARN_DOCUMENTATION_COMMENTS = YES;
				CLANG_WARN_EMPTY_BODY = YES;
				CLANG_WARN_ENUM_CONVERSION = YES;
				CLANG_WARN_INFINITE_RECURSION = YES;
				CLANG_WARN_INT_CONVERSION = YES;
				CLANG_WARN_NON_LITERAL_NULL_CONVERSION = YES;
				CLANG_WARN_OBJC_IMPLICIT_RETAIN_SELF = YES;
				CLANG_WARN_OBJC_LITERAL_CONVERSION = YES;
				CLANG_WARN_OBJC_ROOT_CLASS = YES_ERROR;
				CLANG_WARN_QUOTED_INCLUDE_IN_FRAMEWORK_HEADER = YES;
				CLANG_WARN_RANGE_LOOP_ANALYSIS = YES;
				CLANG_WARN_STRICT_PROTOTYPES = YES;
				CLANG_WARN_SUSPICIOUS_MOVE = YES;
				CLANG_WARN_UNGUARDED_AVAILABILITY = YES_AGGRESSIVE;
				CLANG_WARN_UNREACHABLE_CODE = YES;
				CLANG_WARN__DUPLICATE_METHOD_MATCH = YES;
				COPY_PHASE_STRIP = NO;
				DEBUG_INFORMATION_FORMAT = "dwarf-with-dsym";
				ENABLE_NS_ASSERTIONS = NO;
				ENABLE_STRICT_OBJC_MSGSEND = YES;
				GCC_C_LANGUAGE_STANDARD = gnu11;
				GCC_NO_COMMON_BLOCKS = YES;
				GCC_WARN_64_TO_32_BIT_CONVERSION = YES;
				GCC_WARN_ABOUT_RETURN_TYPE = YES_ERROR;
				GCC_WARN_UNDECLARED_SELECTOR = YES;
				GCC_WARN_UNINITIALIZED_AUTOS = YES_AGGRESSIVE;
				GCC_WARN_UNUSED_FUNCTION = YES;
				GCC_WARN_UNUSED_VARIABLE = YES;
				IPHONEOS_DEPLOYMENT_TARGET = 12.1;
				MTL_ENABLE_DEBUG_INFO = NO;
				MTL_FAST_MATH = YES;
				SDKROOT = iphoneos;
				SWIFT_COMPILATION_MODE = wholemodule;
				SWIFT_OPTIMIZATION_LEVEL = "-O";
				VALIDATE_PRODUCT = YES;
			};
			name = Release;
		};
		4D238F3526837B9400DC6397 /* Debug */ = {
			isa = XCBuildConfiguration;
			buildSettings = {
				ASSETCATALOG_COMPILER_APPICON_NAME = AppIcon;
				ASSETCATALOG_COMPILER_GLOBAL_ACCENT_COLOR_NAME = AccentColor;
				CODE_SIGN_STYLE = Automatic;
				DEVELOPMENT_TEAM = K3WH7KQY37;
				INFOPLIST_FILE = GitHeart/Info.plist;
				LD_RUNPATH_SEARCH_PATHS = (
					"$(inherited)",
					"@executable_path/Frameworks",
				);
				PRODUCT_BUNDLE_IDENTIFIER = com.zummenix.githeart;
				PRODUCT_NAME = "$(TARGET_NAME)";
				SWIFT_VERSION = 5.0;
				TARGETED_DEVICE_FAMILY = 1;
			};
			name = Debug;
		};
		4D238F3626837B9400DC6397 /* Release */ = {
			isa = XCBuildConfiguration;
			buildSettings = {
				ASSETCATALOG_COMPILER_APPICON_NAME = AppIcon;
				ASSETCATALOG_COMPILER_GLOBAL_ACCENT_COLOR_NAME = AccentColor;
				CODE_SIGN_STYLE = Automatic;
				DEVELOPMENT_TEAM = K3WH7KQY37;
				INFOPLIST_FILE = GitHeart/Info.plist;
				LD_RUNPATH_SEARCH_PATHS = (
					"$(inherited)",
					"@executable_path/Frameworks",
				);
				PRODUCT_BUNDLE_IDENTIFIER = com.zummenix.githeart;
				PRODUCT_NAME = "$(TARGET_NAME)";
				SWIFT_VERSION = 5.0;
				TARGETED_DEVICE_FAMILY = 1;
			};
			name = Release;
		};
		4D238F3826837B9400DC6397 /* Debug */ = {
			isa = XCBuildConfiguration;
			buildSettings = {
				ALWAYS_EMBED_SWIFT_STANDARD_LIBRARIES = YES;
				BUNDLE_LOADER = "$(TEST_HOST)";
				CODE_SIGN_STYLE = Automatic;
				DEVELOPMENT_TEAM = K3WH7KQY37;
				INFOPLIST_FILE = GitHeartTests/Info.plist;
				IPHONEOS_DEPLOYMENT_TARGET = 14.4;
				LD_RUNPATH_SEARCH_PATHS = (
					"$(inherited)",
					"@executable_path/Frameworks",
					"@loader_path/Frameworks",
				);
				PRODUCT_BUNDLE_IDENTIFIER = com.zummenix.GitHeartTests;
				PRODUCT_NAME = "$(TARGET_NAME)";
				SWIFT_VERSION = 5.0;
				TARGETED_DEVICE_FAMILY = "1,2";
				TEST_HOST = "$(BUILT_PRODUCTS_DIR)/GitHeart.app/GitHeart";
			};
			name = Debug;
		};
		4D238F3926837B9400DC6397 /* Release */ = {
			isa = XCBuildConfiguration;
			buildSettings = {
				ALWAYS_EMBED_SWIFT_STANDARD_LIBRARIES = YES;
				BUNDLE_LOADER = "$(TEST_HOST)";
				CODE_SIGN_STYLE = Automatic;
				DEVELOPMENT_TEAM = K3WH7KQY37;
				INFOPLIST_FILE = GitHeartTests/Info.plist;
				IPHONEOS_DEPLOYMENT_TARGET = 14.4;
				LD_RUNPATH_SEARCH_PATHS = (
					"$(inherited)",
					"@executable_path/Frameworks",
					"@loader_path/Frameworks",
				);
				PRODUCT_BUNDLE_IDENTIFIER = com.zummenix.GitHeartTests;
				PRODUCT_NAME = "$(TARGET_NAME)";
				SWIFT_VERSION = 5.0;
				TARGETED_DEVICE_FAMILY = "1,2";
				TEST_HOST = "$(BUILT_PRODUCTS_DIR)/GitHeart.app/GitHeart";
			};
			name = Release;
		};
/* End XCBuildConfiguration section */

/* Begin XCConfigurationList section */
		4D238F0526837B9300DC6397 /* Build configuration list for PBXProject "GitHeart" */ = {
			isa = XCConfigurationList;
			buildConfigurations = (
				4D238F3226837B9400DC6397 /* Debug */,
				4D238F3326837B9400DC6397 /* Release */,
			);
			defaultConfigurationIsVisible = 0;
			defaultConfigurationName = Release;
		};
		4D238F3426837B9400DC6397 /* Build configuration list for PBXNativeTarget "GitHeart" */ = {
			isa = XCConfigurationList;
			buildConfigurations = (
				4D238F3526837B9400DC6397 /* Debug */,
				4D238F3626837B9400DC6397 /* Release */,
			);
			defaultConfigurationIsVisible = 0;
			defaultConfigurationName = Release;
		};
		4D238F3726837B9400DC6397 /* Build configuration list for PBXNativeTarget "GitHeartTests" */ = {
			isa = XCConfigurationList;
			buildConfigurations = (
				4D238F3826837B9400DC6397 /* Debug */,
				4D238F3926837B9400DC6397 /* Release */,
			);
			defaultConfigurationIsVisible = 0;
			defaultConfigurationName = Release;
		};
/* End XCConfigurationList section */
	};
	rootObject = 4D238F0226837B9300DC6397 /* Project object */;
}
